
Microsoft Visual Studio Solution File, Format Version 12.00
# Visual Studio Version 16
VisualStudioVersion = 16.0.29905.134
MinimumVisualStudioVersion = 10.0.40219.1
Project("{FAE04EC0-301F-11D3-BF4B-00C04F79EFBC}") = "babyShop", "babyShop\babyShop.csproj", "{12E0E5B3-6082-4652-A24D-0FA91FF1DB29}"
EndProject
Global
	GlobalSection(SolutionConfigurationPlatforms) = preSolution
		Debug|Any CPU = Debug|Any CPU
		Release|Any CPU = Release|Any CPU
	EndGlobalSection
	GlobalSection(ProjectConfigurationPlatforms) = postSolution
		{12E0E5B3-6082-4652-A24D-0FA91FF1DB29}.Debug|Any CPU.ActiveCfg = Debug|Any CPU
		{12E0E5B3-6082-4652-A24D-0FA91FF1DB29}.Debug|Any CPU.Build.0 = Debug|Any CPU
		{12E0E5B3-6082-4652-A24D-0FA91FF1DB29}.Release|Any CPU.ActiveCfg = Release|Any CPU
		{12E0E5B3-6082-4652-A24D-0FA91FF1DB29}.Release|Any CPU.Build.0 = Release|Any CPU
	EndGlobalSection
	GlobalSection(SolutionProperties) = preSolution
		HideSolutionNode = FALSE
	EndGlobalSection
	GlobalSection(ExtensibilityGlobals) = postSolution
		SolutionGuid = {181D367D-19F4-489F-A1A1-303179D5A2E7}
	EndGlobalSection
EndGlobal
